
Microsoft Visual Studio Solution File, Format Version 12.00
# Visual Studio Version 17
VisualStudioVersion = 17.8.34511.84
MinimumVisualStudioVersion = 10.0.40219.1
Project("{FAE04EC0-301F-11D3-BF4B-00C04F79EFBC}") = "Functions", "Functions\Functions.csproj", "{B7D5FADC-A413-4B7F-AF43-2F29EC9B19DA}"
EndProject
Project("{FAE04EC0-301F-11D3-BF4B-00C04F79EFBC}") = "ArgumentsAndParameters", "ArgumentsAndParameters\ArgumentsAndParameters.csproj", "{150C18D3-3DF5-4338-9347-C6C5080D81A7}"
EndProject
Project("{FAE04EC0-301F-11D3-BF4B-00C04F79EFBC}") = "Calculator", "Calculator\Calculator.csproj", "{4D765FA4-43E7-466E-838B-2BDA853D4826}"
EndProject
Project("{FAE04EC0-301F-11D3-BF4B-00C04F79EFBC}") = "test", "test\test.csproj", "{5E6416BA-61FB-4CC1-95E4-B263D8529D16}"
EndProject
Project("{FAE04EC0-301F-11D3-BF4B-00C04F79EFBC}") = "FarenheitCelsium", "FarenheitCelsium\FarenheitCelsium.csproj", "{3E5BA725-63B8-45BE-B8F2-A9B57905662A}"
EndProject
Project("{FAE04EC0-301F-11D3-BF4B-00C04F79EFBC}") = "DiscountCalculator", "DiscountCalculator\DiscountCalculator.csproj", "{7579798A-2EF0-4B6D-A07B-02C6B0DDEB8E}"
EndProject
Global
	GlobalSection(SolutionConfigurationPlatforms) = preSolution
		Debug|Any CPU = Debug|Any CPU
		Release|Any CPU = Release|Any CPU
	EndGlobalSection
	GlobalSection(ProjectConfigurationPlatforms) = postSolution
		{B7D5FADC-A413-4B7F-AF43-2F29EC9B19DA}.Debug|Any CPU.ActiveCfg = Debug|Any CPU
		{B7D5FADC-A413-4B7F-AF43-2F29EC9B19DA}.Debug|Any CPU.Build.0 = Debug|Any CPU
		{B7D5FADC-A413-4B7F-AF43-2F29EC9B19DA}.Release|Any CPU.ActiveCfg = Release|Any CPU
		{B7D5FADC-A413-4B7F-AF43-2F29EC9B19DA}.Release|Any CPU.Build.0 = Release|Any CPU
		{150C18D3-3DF5-4338-9347-C6C5080D81A7}.Debug|Any CPU.ActiveCfg = Debug|Any CPU
		{150C18D3-3DF5-4338-9347-C6C5080D81A7}.Debug|Any CPU.Build.0 = Debug|Any CPU
		{150C18D3-3DF5-4338-9347-C6C5080D81A7}.Release|Any CPU.ActiveCfg = Release|Any CPU
		{150C18D3-3DF5-4338-9347-C6C5080D81A7}.Release|Any CPU.Build.0 = Release|Any CPU
		{4D765FA4-43E7-466E-838B-2BDA853D4826}.Debug|Any CPU.ActiveCfg = Debug|Any CPU
		{4D765FA4-43E7-466E-838B-2BDA853D4826}.Debug|Any CPU.Build.0 = Debug|Any CPU
		{4D765FA4-43E7-466E-838B-2BDA853D4826}.Release|Any CPU.ActiveCfg = Release|Any CPU
		{4D765FA4-43E7-466E-838B-2BDA853D4826}.Release|Any CPU.Build.0 = Release|Any CPU
		{5E6416BA-61FB-4CC1-95E4-B263D8529D16}.Debug|Any CPU.ActiveCfg = Debug|Any CPU
		{5E6416BA-61FB-4CC1-95E4-B263D8529D16}.Debug|Any CPU.Build.0 = Debug|Any CPU
		{5E6416BA-61FB-4CC1-95E4-B263D8529D16}.Release|Any CPU.ActiveCfg = Release|Any CPU
		{5E6416BA-61FB-4CC1-95E4-B263D8529D16}.Release|Any CPU.Build.0 = Release|Any CPU
		{3E5BA725-63B8-45BE-B8F2-A9B57905662A}.Debug|Any CPU.ActiveCfg = Debug|Any CPU
		{3E5BA725-63B8-45BE-B8F2-A9B57905662A}.Debug|Any CPU.Build.0 = Debug|Any CPU
		{3E5BA725-63B8-45BE-B8F2-A9B57905662A}.Release|Any CPU.ActiveCfg = Release|Any CPU
		{3E5BA725-63B8-45BE-B8F2-A9B57905662A}.Release|Any CPU.Build.0 = Release|Any CPU
		{7579798A-2EF0-4B6D-A07B-02C6B0DDEB8E}.Debug|Any CPU.ActiveCfg = Debug|Any CPU
		{7579798A-2EF0-4B6D-A07B-02C6B0DDEB8E}.Debug|Any CPU.Build.0 = Debug|Any CPU
		{7579798A-2EF0-4B6D-A07B-02C6B0DDEB8E}.Release|Any CPU.ActiveCfg = Release|Any CPU
		{7579798A-2EF0-4B6D-A07B-02C6B0DDEB8E}.Release|Any CPU.Build.0 = Release|Any CPU
	EndGlobalSection
	GlobalSection(SolutionProperties) = preSolution
		HideSolutionNode = FALSE
	EndGlobalSection
	GlobalSection(ExtensibilityGlobals) = postSolution
		SolutionGuid = {6913116C-9976-4E38-A907-63291D58CBD2}
	EndGlobalSection
EndGlobal
